
Microsoft Visual Studio Solution File, Format Version 12.00
# Visual Studio 14
VisualStudioVersion = 14.0.25420.1
MinimumVisualStudioVersion = 10.0.40219.1
Project("{FAE04EC0-301F-11D3-BF4B-00C04F79EFBC}") = "Ex_SimpleCalculator", "Ex_SimpleCalculator\Ex_SimpleCalculator.csproj", "{7EFB7BBF-51B8-4619-8722-0A90ED79421D}"
EndProject
Project("{FAE04EC0-301F-11D3-BF4B-00C04F79EFBC}") = "Ex_DecimalToBinaryConverter", "Ex_DecimalToBinaryConverter\Ex_DecimalToBinaryConverter.csproj", "{27428E2A-AA0A-4ADE-BB3A-B67242E33959}"
EndProject
Global
	GlobalSection(SolutionConfigurationPlatforms) = preSolution
		Debug|Any CPU = Debug|Any CPU
		Release|Any CPU = Release|Any CPU
	EndGlobalSection
	GlobalSection(ProjectConfigurationPlatforms) = postSolution
		{7EFB7BBF-51B8-4619-8722-0A90ED79421D}.Debug|Any CPU.ActiveCfg = Debug|Any CPU
		{7EFB7BBF-51B8-4619-8722-0A90ED79421D}.Debug|Any CPU.Build.0 = Debug|Any CPU
		{7EFB7BBF-51B8-4619-8722-0A90ED79421D}.Release|Any CPU.ActiveCfg = Release|Any CPU
		{7EFB7BBF-51B8-4619-8722-0A90ED79421D}.Release|Any CPU.Build.0 = Release|Any CPU
		{27428E2A-AA0A-4ADE-BB3A-B67242E33959}.Debug|Any CPU.ActiveCfg = Debug|Any CPU
		{27428E2A-AA0A-4ADE-BB3A-B67242E33959}.Debug|Any CPU.Build.0 = Debug|Any CPU
		{27428E2A-AA0A-4ADE-BB3A-B67242E33959}.Release|Any CPU.ActiveCfg = Release|Any CPU
		{27428E2A-AA0A-4ADE-BB3A-B67242E33959}.Release|Any CPU.Build.0 = Release|Any CPU
	EndGlobalSection
	GlobalSection(SolutionProperties) = preSolution
		HideSolutionNode = FALSE
	EndGlobalSection
EndGlobal
